// !$*UTF8*$!
{
	archiveVersion = 1;
	classes = {
	};
	objectVersion = 50;
	objects = {

/* Begin PBXBuildFile section */
		C8B221D7241C01FF00119D67 /* AppDelegate.swift in Sources */ = {isa = PBXBuildFile; fileRef = C8B221D6241C01FF00119D67 /* AppDelegate.swift */; };
		C8B221D9241C01FF00119D67 /* SceneDelegate.swift in Sources */ = {isa = PBXBuildFile; fileRef = C8B221D8241C01FF00119D67 /* SceneDelegate.swift */; };
		C8B221DB241C01FF00119D67 /* ViewController.swift in Sources */ = {isa = PBXBuildFile; fileRef = C8B221DA241C01FF00119D67 /* ViewController.swift */; };
		C8B221DE241C01FF00119D67 /* Main.storyboard in Resources */ = {isa = PBXBuildFile; fileRef = C8B221DC241C01FF00119D67 /* Main.storyboard */; };
		C8B221E0241C020000119D67 /* Assets.xcassets in Resources */ = {isa = PBXBuildFile; fileRef = C8B221DF241C020000119D67 /* Assets.xcassets */; };
		C8B221E3241C020000119D67 /* LaunchScreen.storyboard in Resources */ = {isa = PBXBuildFile; fileRef = C8B221E1241C020000119D67 /* LaunchScreen.storyboard */; };
		C8B221EE241C020000119D67 /* app_swoosh_swiftTests.swift in Sources */ = {isa = PBXBuildFile; fileRef = C8B221ED241C020000119D67 /* app_swoosh_swiftTests.swift */; };
		C8B221F9241C020000119D67 /* app_swoosh_swiftUITests.swift in Sources */ = {isa = PBXBuildFile; fileRef = C8B221F8241C020000119D67 /* app_swoosh_swiftUITests.swift */; };
/* End PBXBuildFile section */

/* Begin PBXContainerItemProxy section */
		C8B221EA241C020000119D67 /* PBXContainerItemProxy */ = {
			isa = PBXContainerItemProxy;
			containerPortal = C8B221CB241C01FF00119D67 /* Project object */;
			proxyType = 1;
			remoteGlobalIDString = C8B221D2241C01FF00119D67;
			remoteInfo = "app-swoosh-swift";
		};
		C8B221F5241C020000119D67 /* PBXContainerItemProxy */ = {
			isa = PBXContainerItemProxy;
			containerPortal = C8B221CB241C01FF00119D67 /* Project object */;
			proxyType = 1;
			remoteGlobalIDString = C8B221D2241C01FF00119D67;
			remoteInfo = "app-swoosh-swift";
		};
/* End PBXContainerItemProxy section */

/* Begin PBXFileReference section */
		C8B221D3241C01FF00119D67 /* app-swoosh-swift.app */ = {isa = PBXFileReference; explicitFileType = wrapper.application; includeInIndex = 0; path = "app-swoosh-swift.app"; sourceTree = BUILT_PRODUCTS_DIR; };
		C8B221D6241C01FF00119D67 /* AppDelegate.swift */ = {isa = PBXFileReference; lastKnownFileType = sourcecode.swift; path = AppDelegate.swift; sourceTree = "<group>"; };
		C8B221D8241C01FF00119D67 /* SceneDelegate.swift */ = {isa = PBXFileReference; lastKnownFileType = sourcecode.swift; path = SceneDelegate.swift; sourceTree = "<group>"; };
		C8B221DA241C01FF00119D67 /* ViewController.swift */ = {isa = PBXFileReference; lastKnownFileType = sourcecode.swift; path = ViewController.swift; sourceTree = "<group>"; };
		C8B221DD241C01FF00119D67 /* Base */ = {isa = PBXFileReference; lastKnownFileType = file.storyboard; name = Base; path = Base.lproj/Main.storyboard; sourceTree = "<group>"; };
		C8B221DF241C020000119D67 /* Assets.xcassets */ = {isa = PBXFileReference; lastKnownFileType = folder.assetcatalog; path = Assets.xcassets; sourceTree = "<group>"; };
		C8B221E2241C020000119D67 /* Base */ = {isa = PBXFileReference; lastKnownFileType = file.storyboard; name = Base; path = Base.lproj/LaunchScreen.storyboard; sourceTree = "<group>"; };
		C8B221E4241C020000119D67 /* Info.plist */ = {isa = PBXFileReference; lastKnownFileType = text.plist.xml; path = Info.plist; sourceTree = "<group>"; };
		C8B221E9241C020000119D67 /* app-swoosh-swiftTests.xctest */ = {isa = PBXFileReference; explicitFileType = wrapper.cfbundle; includeInIndex = 0; path = "app-swoosh-swiftTests.xctest"; sourceTree = BUILT_PRODUCTS_DIR; };
		C8B221ED241C020000119D67 /* app_swoosh_swiftTests.swift */ = {isa = PBXFileReference; lastKnownFileType = sourcecode.swift; path = app_swoosh_swiftTests.swift; sourceTree = "<group>"; };
		C8B221EF241C020000119D67 /* Info.plist */ = {isa = PBXFileReference; lastKnownFileType = text.plist.xml; path = Info.plist; sourceTree = "<group>"; };
		C8B221F4241C020000119D67 /* app-swoosh-swiftUITests.xctest */ = {isa = PBXFileReference; explicitFileType = wrapper.cfbundle; includeInIndex = 0; path = "app-swoosh-swiftUITests.xctest"; sourceTree = BUILT_PRODUCTS_DIR; };
		C8B221F8241C020000119D67 /* app_swoosh_swiftUITests.swift */ = {isa = PBXFileReference; lastKnownFileType = sourcecode.swift; path = app_swoosh_swiftUITests.swift; sourceTree = "<group>"; };
		C8B221FA241C020000119D67 /* Info.plist */ = {isa = PBXFileReference; lastKnownFileType = text.plist.xml; path = Info.plist; sourceTree = "<group>"; };
/* End PBXFileReference section */

/* Begin PBXFrameworksBuildPhase section */
		C8B221D0241C01FF00119D67 /* Frameworks */ = {
			isa = PBXFrameworksBuildPhase;
			buildActionMask = 2147483647;
			files = (
			);
			runOnlyForDeploymentPostprocessing = 0;
		};
		C8B221E6241C020000119D67 /* Frameworks */ = {
			isa = PBXFrameworksBuildPhase;
			buildActionMask = 2147483647;
			files = (
			);
			runOnlyForDeploymentPostprocessing = 0;
		};
		C8B221F1241C020000119D67 /* Frameworks */ = {
			isa = PBXFrameworksBuildPhase;
			buildActionMask = 2147483647;
			files = (
			);
			runOnlyForDeploymentPostprocessing = 0;
		};
/* End PBXFrameworksBuildPhase section */

/* Begin PBXGroup section */
		C8B221CA241C01FF00119D67 = {
			isa = PBXGroup;
			children = (
				C8B221D5241C01FF00119D67 /* app-swoosh-swift */,
				C8B221EC241C020000119D67 /* app-swoosh-swiftTests */,
				C8B221F7241C020000119D67 /* app-swoosh-swiftUITests */,
				C8B221D4241C01FF00119D67 /* Products */,
			);
			sourceTree = "<group>";
		};
		C8B221D4241C01FF00119D67 /* Products */ = {
			isa = PBXGroup;
			children = (
				C8B221D3241C01FF00119D67 /* app-swoosh-swift.app */,
				C8B221E9241C020000119D67 /* app-swoosh-swiftTests.xctest */,
				C8B221F4241C020000119D67 /* app-swoosh-swiftUITests.xctest */,
			);
			name = Products;
			sourceTree = "<group>";
		};
		C8B221D5241C01FF00119D67 /* app-swoosh-swift */ = {
			isa = PBXGroup;
			children = (
				C8B221D6241C01FF00119D67 /* AppDelegate.swift */,
				C8B221D8241C01FF00119D67 /* SceneDelegate.swift */,
				C8B221DA241C01FF00119D67 /* ViewController.swift */,
				C8B221DC241C01FF00119D67 /* Main.storyboard */,
				C8B221DF241C020000119D67 /* Assets.xcassets */,
				C8B221E1241C020000119D67 /* LaunchScreen.storyboard */,
				C8B221E4241C020000119D67 /* Info.plist */,
			);
			path = "app-swoosh-swift";
			sourceTree = "<group>";
		};
		C8B221EC241C020000119D67 /* app-swoosh-swiftTests */ = {
			isa = PBXGroup;
			children = (
				C8B221ED241C020000119D67 /* app_swoosh_swiftTests.swift */,
				C8B221EF241C020000119D67 /* Info.plist */,
			);
			path = "app-swoosh-swiftTests";
			sourceTree = "<group>";
		};
		C8B221F7241C020000119D67 /* app-swoosh-swiftUITests */ = {
			isa = PBXGroup;
			children = (
				C8B221F8241C020000119D67 /* app_swoosh_swiftUITests.swift */,
				C8B221FA241C020000119D67 /* Info.plist */,
			);
			path = "app-swoosh-swiftUITests";
			sourceTree = "<group>";
		};
/* End PBXGroup section */

/* Begin PBXNativeTarget section */
		C8B221D2241C01FF00119D67 /* app-swoosh-swift */ = {
			isa = PBXNativeTarget;
			buildConfigurationList = C8B221FD241C020000119D67 /* Build configuration list for PBXNativeTarget "app-swoosh-swift" */;
			buildPhases = (
				C8B221CF241C01FF00119D67 /* Sources */,
				C8B221D0241C01FF00119D67 /* Frameworks */,
				C8B221D1241C01FF00119D67 /* Resources */,
			);
			buildRules = (
			);
			dependencies = (
			);
			name = "app-swoosh-swift";
			productName = "app-swoosh-swift";
			productReference = C8B221D3241C01FF00119D67 /* app-swoosh-swift.app */;
			productType = "com.apple.product-type.application";
		};
		C8B221E8241C020000119D67 /* app-swoosh-swiftTests */ = {
			isa = PBXNativeTarget;
			buildConfigurationList = C8B22200241C020000119D67 /* Build configuration list for PBXNativeTarget "app-swoosh-swiftTests" */;
			buildPhases = (
				C8B221E5241C020000119D67 /* Sources */,
				C8B221E6241C020000119D67 /* Frameworks */,
				C8B221E7241C020000119D67 /* Resources */,
			);
			buildRules = (
			);
			dependencies = (
				C8B221EB241C020000119D67 /* PBXTargetDependency */,
			);
			name = "app-swoosh-swiftTests";
			productName = "app-swoosh-swiftTests";
			productReference = C8B221E9241C020000119D67 /* app-swoosh-swiftTests.xctest */;
			productType = "com.apple.product-type.bundle.unit-test";
		};
		C8B221F3241C020000119D67 /* app-swoosh-swiftUITests */ = {
			isa = PBXNativeTarget;
			buildConfigurationList = C8B22203241C020000119D67 /* Build configuration list for PBXNativeTarget "app-swoosh-swiftUITests" */;
			buildPhases = (
				C8B221F0241C020000119D67 /* Sources */,
				C8B221F1241C020000119D67 /* Frameworks */,
				C8B221F2241C020000119D67 /* Resources */,
			);
			buildRules = (
			);
			dependencies = (
				C8B221F6241C020000119D67 /* PBXTargetDependency */,
			);
			name = "app-swoosh-swiftUITests";
			productName = "app-swoosh-swiftUITests";
			productReference = C8B221F4241C020000119D67 /* app-swoosh-swiftUITests.xctest */;
			productType = "com.apple.product-type.bundle.ui-testing";
		};
/* End PBXNativeTarget section */

/* Begin PBXProject section */
		C8B221CB241C01FF00119D67 /* Project object */ = {
			isa = PBXProject;
			attributes = {
				LastSwiftUpdateCheck = 1130;
				LastUpgradeCheck = 1130;
				ORGANIZATIONNAME = Shofi;
				TargetAttributes = {
					C8B221D2241C01FF00119D67 = {
						CreatedOnToolsVersion = 11.3.1;
					};
					C8B221E8241C020000119D67 = {
						CreatedOnToolsVersion = 11.3.1;
						TestTargetID = C8B221D2241C01FF00119D67;
					};
					C8B221F3241C020000119D67 = {
						CreatedOnToolsVersion = 11.3.1;
						TestTargetID = C8B221D2241C01FF00119D67;
					};
				};
			};
			buildConfigurationList = C8B221CE241C01FF00119D67 /* Build configuration list for PBXProject "app-swoosh-swift" */;
			compatibilityVersion = "Xcode 9.3";
			developmentRegion = en;
			hasScannedForEncodings = 0;
			knownRegions = (
				en,
				Base,
			);
			mainGroup = C8B221CA241C01FF00119D67;
			productRefGroup = C8B221D4241C01FF00119D67 /* Products */;
			projectDirPath = "";
			projectRoot = "";
			targets = (
				C8B221D2241C01FF00119D67 /* app-swoosh-swift */,
				C8B221E8241C020000119D67 /* app-swoosh-swiftTests */,
				C8B221F3241C020000119D67 /* app-swoosh-swiftUITests */,
			);
		};
/* End PBXProject section */

/* Begin PBXResourcesBuildPhase section */
		C8B221D1241C01FF00119D67 /* Resources */ = {
			isa = PBXResourcesBuildPhase;
			buildActionMask = 2147483647;
			files = (
				C8B221E3241C020000119D67 /* LaunchScreen.storyboard in Resources */,
				C8B221E0241C020000119D67 /* Assets.xcassets in Resources */,
				C8B221DE241C01FF00119D67 /* Main.storyboard in Resources */,
			);
			runOnlyForDeploymentPostprocessing = 0;
		};
		C8B221E7241C020000119D67 /* Resources */ = {
			isa = PBXResourcesBuildPhase;
			buildActionMask = 2147483647;
			files = (
			);
			runOnlyForDeploymentPostprocessing = 0;
		};
		C8B221F2241C020000119D67 /* Resources */ = {
			isa = PBXResourcesBuildPhase;
			buildActionMask = 2147483647;
			files = (
			);
			runOnlyForDeploymentPostprocessing = 0;
		};
/* End PBXResourcesBuildPhase section */

/* Begin PBXSourcesBuildPhase section */
		C8B221CF241C01FF00119D67 /* Sources */ = {
			isa = PBXSourcesBuildPhase;
			buildActionMask = 2147483647;
			files = (
				C8B221DB241C01FF00119D67 /* ViewController.swift in Sources */,
				C8B221D7241C01FF00119D67 /* AppDelegate.swift in Sources */,
				C8B221D9241C01FF00119D67 /* SceneDelegate.swift in Sources */,
			);
			runOnlyForDeploymentPostprocessing = 0;
		};
		C8B221E5241C020000119D67 /* Sources */ = {
			isa = PBXSourcesBuildPhase;
			buildActionMask = 2147483647;
			files = (
				C8B221EE241C020000119D67 /* app_swoosh_swiftTests.swift in Sources */,
			);
			runOnlyForDeploymentPostprocessing = 0;
		};
		C8B221F0241C020000119D67 /* Sources */ = {
			isa = PBXSourcesBuildPhase;
			buildActionMask = 2147483647;
			files = (
				C8B221F9241C020000119D67 /* app_swoosh_swiftUITests.swift in Sources */,
			);
			runOnlyForDeploymentPostprocessing = 0;
		};
/* End PBXSourcesBuildPhase section */

/* Begin PBXTargetDependency section */
		C8B221EB241C020000119D67 /* PBXTargetDependency */ = {
			isa = PBXTargetDependency;
			target = C8B221D2241C01FF00119D67 /* app-swoosh-swift */;
			targetProxy = C8B221EA241C020000119D67 /* PBXContainerItemProxy */;
		};
		C8B221F6241C020000119D67 /* PBXTargetDependency */ = {
			isa = PBXTargetDependency;
			target = C8B221D2241C01FF00119D67 /* app-swoosh-swift */;
			targetProxy = C8B221F5241C020000119D67 /* PBXContainerItemProxy */;
		};
/* End PBXTargetDependency section */

/* Begin PBXVariantGroup section */
		C8B221DC241C01FF00119D67 /* Main.storyboard */ = {
			isa = PBXVariantGroup;
			children = (
				C8B221DD241C01FF00119D67 /* Base */,
			);
			name = Main.storyboard;
			sourceTree = "<group>";
		};
		C8B221E1241C020000119D67 /* LaunchScreen.storyboard */ = {
			isa = PBXVariantGroup;
			children = (
				C8B221E2241C020000119D67 /* Base */,
			);
			name = LaunchScreen.storyboard;
			sourceTree = "<group>";
		};
/* End PBXVariantGroup section */

/* Begin XCBuildConfiguration section */
		C8B221FB241C020000119D67 /* Debug */ = {
			isa = XCBuildConfiguration;
			buildSettings = {
				ALWAYS_SEARCH_USER_PATHS = NO;
				CLANG_ANALYZER_NONNULL = YES;
				CLANG_ANALYZER_NUMBER_OBJECT_CONVERSION = YES_AGGRESSIVE;
				CLANG_CXX_LANGUAGE_STANDARD = "gnu++14";
				CLANG_CXX_LIBRARY = "libc++";
				CLANG_ENABLE_MODULES = YES;
				CLANG_ENABLE_OBJC_ARC = YES;
				CLANG_ENABLE_OBJC_WEAK = YES;
				CLANG_WARN_BLOCK_CAPTURE_AUTORELEASING = YES;
				CLANG_WARN_BOOL_CONVERSION = YES;
				CLANG_WARN_COMMA = YES;
				CLANG_WARN_CONSTANT_CONVERSION = YES;
				CLANG_WARN_DEPRECATED_OBJC_IMPLEMENTATIONS = YES;
				CLANG_WARN_DIRECT_OBJC_ISA_USAGE = YES_ERROR;
				CLANG_WARN_DOCUMENTATION_COMMENTS = YES;
				CLANG_WARN_EMPTY_BODY = YES;
				CLANG_WARN_ENUM_CONVERSION = YES;
				CLANG_WARN_INFINITE_RECURSION = YES;
				CLANG_WARN_INT_CONVERSION = YES;
				CLANG_WARN_NON_LITERAL_NULL_CONVERSION = YES;
				CLANG_WARN_OBJC_IMPLICIT_RETAIN_SELF = YES;
				CLANG_WARN_OBJC_LITERAL_CONVERSION = YES;
				CLANG_WARN_OBJC_ROOT_CLASS = YES_ERROR;
				CLANG_WARN_RANGE_LOOP_ANALYSIS = YES;
				CLANG_WARN_STRICT_PROTOTYPES = YES;
				CLANG_WARN_SUSPICIOUS_MOVE = YES;
				CLANG_WARN_UNGUARDED_AVAILABILITY = YES_AGGRESSIVE;
				CLANG_WARN_UNREACHABLE_CODE = YES;
				CLANG_WARN__DUPLICATE_METHOD_MATCH = YES;
				COPY_PHASE_STRIP = NO;
				DEBUG_INFORMATION_FORMAT = dwarf;
				ENABLE_STRICT_OBJC_MSGSEND = YES;
				ENABLE_TESTABILITY = YES;
				GCC_C_LANGUAGE_STANDARD = gnu11;
				GCC_DYNAMIC_NO_PIC = NO;
				GCC_NO_COMMON_BLOCKS = YES;
				GCC_OPTIMIZATION_LEVEL = 0;
				GCC_PREPROCESSOR_DEFINITIONS = (
					"DEBUG=1",
					"$(inherited)",
				);
				GCC_WARN_64_TO_32_BIT_CONVERSION = YES;
				GCC_WARN_ABOUT_RETURN_TYPE = YES_ERROR;
				GCC_WARN_UNDECLARED_SELECTOR = YES;
				GCC_WARN_UNINITIALIZED_AUTOS = YES_AGGRESSIVE;
				GCC_WARN_UNUSED_FUNCTION = YES;
				GCC_WARN_UNUSED_VARIABLE = YES;
				IPHONEOS_DEPLOYMENT_TARGET = 13.2;
				MTL_ENABLE_DEBUG_INFO = INCLUDE_SOURCE;
				MTL_FAST_MATH = YES;
				ONLY_ACTIVE_ARCH = YES;
				SDKROOT = iphoneos;
				SWIFT_ACTIVE_COMPILATION_CONDITIONS = DEBUG;
				SWIFT_OPTIMIZATION_LEVEL = "-Onone";
			};
			name = Debug;
		};
		C8B221FC241C020000119D67 /* Release */ = {
			isa = XCBuildConfiguration;
			buildSettings = {
				ALWAYS_SEARCH_USER_PATHS = NO;
				CLANG_ANALYZER_NONNULL = YES;
				CLANG_ANALYZER_NUMBER_OBJECT_CONVERSION = YES_AGGRESSIVE;
				CLANG_CXX_LANGUAGE_STANDARD = "gnu++14";
				CLANG_CXX_LIBRARY = "libc++";
				CLANG_ENABLE_MODULES = YES;
				CLANG_ENABLE_OBJC_ARC = YES;
				CLANG_ENABLE_OBJC_WEAK = YES;
				CLANG_WARN_BLOCK_CAPTURE_AUTORELEASING = YES;
				CLANG_WARN_BOOL_CONVERSION = YES;
				CLANG_WARN_COMMA = YES;
				CLANG_WARN_CONSTANT_CONVERSION = YES;
				CLANG_WARN_DEPRECATED_OBJC_IMPLEMENTATIONS = YES;
				CLANG_WARN_DIRECT_OBJC_ISA_USAGE = YES_ERROR;
				CLANG_WARN_DOCUMENTATION_COMMENTS = YES;
				CLANG_WARN_EMPTY_BODY = YES;
				CLANG_WARN_ENUM_CONVERSION = YES;
				CLANG_WARN_INFINITE_RECURSION = YES;
				CLANG_WARN_INT_CONVERSION = YES;
				CLANG_WARN_NON_LITERAL_NULL_CONVERSION = YES;
				CLANG_WARN_OBJC_IMPLICIT_RETAIN_SELF = YES;
				CLANG_WARN_OBJC_LITERAL_CONVERSION = YES;
				CLANG_WARN_OBJC_ROOT_CLASS = YES_ERROR;
				CLANG_WARN_RANGE_LOOP_ANALYSIS = YES;
				CLANG_WARN_STRICT_PROTOTYPES = YES;
				CLANG_WARN_SUSPICIOUS_MOVE = YES;
				CLANG_WARN_UNGUARDED_AVAILABILITY = YES_AGGRESSIVE;
				CLANG_WARN_UNREACHABLE_CODE = YES;
				CLANG_WARN__DUPLICATE_METHOD_MATCH = YES;
				COPY_PHASE_STRIP = NO;
				DEBUG_INFORMATION_FORMAT = "dwarf-with-dsym";
				ENABLE_NS_ASSERTIONS = NO;
				ENABLE_STRICT_OBJC_MSGSEND = YES;
				GCC_C_LANGUAGE_STANDARD = gnu11;
				GCC_NO_COMMON_BLOCKS = YES;
				GCC_WARN_64_TO_32_BIT_CONVERSION = YES;
				GCC_WARN_ABOUT_RETURN_TYPE = YES_ERROR;
				GCC_WARN_UNDECLARED_SELECTOR = YES;
				GCC_WARN_UNINITIALIZED_AUTOS = YES_AGGRESSIVE;
				GCC_WARN_UNUSED_FUNCTION = YES;
				GCC_WARN_UNUSED_VARIABLE = YES;
				IPHONEOS_DEPLOYMENT_TARGET = 13.2;
				MTL_ENABLE_DEBUG_INFO = NO;
				MTL_FAST_MATH = YES;
				SDKROOT = iphoneos;
				SWIFT_COMPILATION_MODE = wholemodule;
				SWIFT_OPTIMIZATION_LEVEL = "-O";
				VALIDATE_PRODUCT = YES;
			};
			name = Release;
		};
		C8B221FE241C020000119D67 /* Debug */ = {
			isa = XCBuildConfiguration;
			buildSettings = {
				ASSETCATALOG_COMPILER_APPICON_NAME = AppIcon;
				CODE_SIGN_STYLE = Automatic;
				INFOPLIST_FILE = "app-swoosh-swift/Info.plist";
				LD_RUNPATH_SEARCH_PATHS = (
					"$(inherited)",
					"@executable_path/Frameworks",
				);
				PRODUCT_BUNDLE_IDENTIFIER = "shofi.app-swoosh-swift";
				PRODUCT_NAME = "$(TARGET_NAME)";
				SWIFT_VERSION = 5.0;
				TARGETED_DEVICE_FAMILY = "1,2";
			};
			name = Debug;
		};
		C8B221FF241C020000119D67 /* Release */ = {
			isa = XCBuildConfiguration;
			buildSettings = {
				ASSETCATALOG_COMPILER_APPICON_NAME = AppIcon;
				CODE_SIGN_STYLE = Automatic;
				INFOPLIST_FILE = "app-swoosh-swift/Info.plist";
				LD_RUNPATH_SEARCH_PATHS = (
					"$(inherited)",
					"@executable_path/Frameworks",
				);
				PRODUCT_BUNDLE_IDENTIFIER = "shofi.app-swoosh-swift";
				PRODUCT_NAME = "$(TARGET_NAME)";
				SWIFT_VERSION = 5.0;
				TARGETED_DEVICE_FAMILY = "1,2";
			};
			name = Release;
		};
		C8B22201241C020000119D67 /* Debug */ = {
			isa = XCBuildConfiguration;
			buildSettings = {
				ALWAYS_EMBED_SWIFT_STANDARD_LIBRARIES = YES;
				BUNDLE_LOADER = "$(TEST_HOST)";
				CODE_SIGN_STYLE = Automatic;
				INFOPLIST_FILE = "app-swoosh-swiftTests/Info.plist";
				IPHONEOS_DEPLOYMENT_TARGET = 13.2;
				LD_RUNPATH_SEARCH_PATHS = (
					"$(inherited)",
					"@executable_path/Frameworks",
					"@loader_path/Frameworks",
				);
				PRODUCT_BUNDLE_IDENTIFIER = "shofi.app-swoosh-swiftTests";
				PRODUCT_NAME = "$(TARGET_NAME)";
				SWIFT_VERSION = 5.0;
				TARGETED_DEVICE_FAMILY = "1,2";
				TEST_HOST = "$(BUILT_PRODUCTS_DIR)/app-swoosh-swift.app/app-swoosh-swift";
			};
			name = Debug;
		};
		C8B22202241C020000119D67 /* Release */ = {
			isa = XCBuildConfiguration;
			buildSettings = {
				ALWAYS_EMBED_SWIFT_STANDARD_LIBRARIES = YES;
				BUNDLE_LOADER = "$(TEST_HOST)";
				CODE_SIGN_STYLE = Automatic;
				INFOPLIST_FILE = "app-swoosh-swiftTests/Info.plist";
				IPHONEOS_DEPLOYMENT_TARGET = 13.2;
				LD_RUNPATH_SEARCH_PATHS = (
					"$(inherited)",
					"@executable_path/Frameworks",
					"@loader_path/Frameworks",
				);
				PRODUCT_BUNDLE_IDENTIFIER = "shofi.app-swoosh-swiftTests";
				PRODUCT_NAME = "$(TARGET_NAME)";
				SWIFT_VERSION = 5.0;
				TARGETED_DEVICE_FAMILY = "1,2";
				TEST_HOST = "$(BUILT_PRODUCTS_DIR)/app-swoosh-swift.app/app-swoosh-swift";
			};
			name = Release;
		};
		C8B22204241C020000119D67 /* Debug */ = {
			isa = XCBuildConfiguration;
			buildSettings = {
				ALWAYS_EMBED_SWIFT_STANDARD_LIBRARIES = YES;
				CODE_SIGN_STYLE = Automatic;
				INFOPLIST_FILE = "app-swoosh-swiftUITests/Info.plist";
				LD_RUNPATH_SEARCH_PATHS = (
					"$(inherited)",
					"@executable_path/Frameworks",
					"@loader_path/Frameworks",
				);
				PRODUCT_BUNDLE_IDENTIFIER = "shofi.app-swoosh-swiftUITests";
				PRODUCT_NAME = "$(TARGET_NAME)";
				SWIFT_VERSION = 5.0;
				TARGETED_DEVICE_FAMILY = "1,2";
				TEST_TARGET_NAME = "app-swoosh-swift";
			};
			name = Debug;
		};
		C8B22205241C020000119D67 /* Release */ = {
			isa = XCBuildConfiguration;
			buildSettings = {
				ALWAYS_EMBED_SWIFT_STANDARD_LIBRARIES = YES;
				CODE_SIGN_STYLE = Automatic;
				INFOPLIST_FILE = "app-swoosh-swiftUITests/Info.plist";
				LD_RUNPATH_SEARCH_PATHS = (
					"$(inherited)",
					"@executable_path/Frameworks",
					"@loader_path/Frameworks",
				);
				PRODUCT_BUNDLE_IDENTIFIER = "shofi.app-swoosh-swiftUITests";
				PRODUCT_NAME = "$(TARGET_NAME)";
				SWIFT_VERSION = 5.0;
				TARGETED_DEVICE_FAMILY = "1,2";
				TEST_TARGET_NAME = "app-swoosh-swift";
			};
			name = Release;
		};
/* End XCBuildConfiguration section */

/* Begin XCConfigurationList section */
		C8B221CE241C01FF00119D67 /* Build configuration list for PBXProject "app-swoosh-swift" */ = {
			isa = XCConfigurationList;
			buildConfigurations = (
				C8B221FB241C020000119D67 /* Debug */,
				C8B221FC241C020000119D67 /* Release */,
			);
			defaultConfigurationIsVisible = 0;
			defaultConfigurationName = Release;
		};
		C8B221FD241C020000119D67 /* Build configuration list for PBXNativeTarget "app-swoosh-swift" */ = {
			isa = XCConfigurationList;
			buildConfigurations = (
				C8B221FE241C020000119D67 /* Debug */,
				C8B221FF241C020000119D67 /* Release */,
			);
			defaultConfigurationIsVisible = 0;
			defaultConfigurationName = Release;
		};
		C8B22200241C020000119D67 /* Build configuration list for PBXNativeTarget "app-swoosh-swiftTests" */ = {
			isa = XCConfigurationList;
			buildConfigurations = (
				C8B22201241C020000119D67 /* Debug */,
				C8B22202241C020000119D67 /* Release */,
			);
			defaultConfigurationIsVisible = 0;
			defaultConfigurationName = Release;
		};
		C8B22203241C020000119D67 /* Build configuration list for PBXNativeTarget "app-swoosh-swiftUITests" */ = {
			isa = XCConfigurationList;
			buildConfigurations = (
				C8B22204241C020000119D67 /* Debug */,
				C8B22205241C020000119D67 /* Release */,
			);
			defaultConfigurationIsVisible = 0;
			defaultConfigurationName = Release;
		};
/* End XCConfigurationList section */
	};
	rootObject = C8B221CB241C01FF00119D67 /* Project object */;
}
